
Microsoft Visual Studio Solution File, Format Version 12.00
# Visual Studio Version 17
VisualStudioVersion = 17.4.33205.214
MinimumVisualStudioVersion = 10.0.40219.1
Project("{FAE04EC0-301F-11D3-BF4B-00C04F79EFBC}") = "Assignment_01", "Assignment_01\Assignment_01.csproj", "{7294DCA4-F9B6-4483-94D6-81245D0B3F55}"
EndProject
Global
	GlobalSection(SolutionConfigurationPlatforms) = preSolution
		Debug|Any CPU = Debug|Any CPU
		Release|Any CPU = Release|Any CPU
	EndGlobalSection
	GlobalSection(ProjectConfigurationPlatforms) = postSolution
		{7294DCA4-F9B6-4483-94D6-81245D0B3F55}.Debug|Any CPU.ActiveCfg = Debug|Any CPU
		{7294DCA4-F9B6-4483-94D6-81245D0B3F55}.Debug|Any CPU.Build.0 = Debug|Any CPU
		{7294DCA4-F9B6-4483-94D6-81245D0B3F55}.Release|Any CPU.ActiveCfg = Release|Any CPU
		{7294DCA4-F9B6-4483-94D6-81245D0B3F55}.Release|Any CPU.Build.0 = Release|Any CPU
	EndGlobalSection
	GlobalSection(SolutionProperties) = preSolution
		HideSolutionNode = FALSE
	EndGlobalSection
	GlobalSection(ExtensibilityGlobals) = postSolution
		SolutionGuid = {C1C0324C-4193-45EC-870B-636CD1CFDF4E}
	EndGlobalSection
EndGlobal
